
Microsoft Visual Studio Solution File, Format Version 12.00
# Visual Studio 14
VisualStudioVersion = 14.0.24720.0
MinimumVisualStudioVersion = 10.0.40219.1
Project("{FAE04EC0-301F-11D3-BF4B-00C04F79EFBC}") = "ClassLibCAD", "ClassLibCAD\ClassLibCAD.csproj", "{8C758498-E050-46DE-A7D4-2D2E86B9ED6B}"
EndProject
Global
	GlobalSection(SolutionConfigurationPlatforms) = preSolution
		D2006|x86 = D2006|x86
		D2008|x86 = D2008|x86
		R2006|x86 = R2006|x86
	EndGlobalSection
	GlobalSection(ProjectConfigurationPlatforms) = postSolution
		{8C758498-E050-46DE-A7D4-2D2E86B9ED6B}.D2006|x86.ActiveCfg = D2006|x86
		{8C758498-E050-46DE-A7D4-2D2E86B9ED6B}.D2006|x86.Build.0 = D2006|x86
		{8C758498-E050-46DE-A7D4-2D2E86B9ED6B}.D2008|x86.ActiveCfg = D2008|x86
		{8C758498-E050-46DE-A7D4-2D2E86B9ED6B}.D2008|x86.Build.0 = D2008|x86
		{8C758498-E050-46DE-A7D4-2D2E86B9ED6B}.R2006|x86.ActiveCfg = R2006|x86
		{8C758498-E050-46DE-A7D4-2D2E86B9ED6B}.R2006|x86.Build.0 = R2006|x86
	EndGlobalSection
	GlobalSection(SolutionProperties) = preSolution
		HideSolutionNode = FALSE
	EndGlobalSection
EndGlobal
